<?xml version="1.0" encoding="utf-8"?>
<Project ToolsVersion="4.0" xmlns="http://schemas.microsoft.com/developer/msbuild/2003">
  <ItemGroup>
    <Filter Include="소스 파일">
      <UniqueIdentifier>{4FC737F1-C7A5-4376-A066-2A32D752A2FF}</UniqueIdentifier>
      <Extensions>cpp;c;cc;cxx;c++;cppm;ixx;def;odl;idl;hpj;bat;asm;asmx</Extensions>
    </Filter>
    <Filter Include="헤더 파일">
      <UniqueIdentifier>{93995380-89BD-4b04-88EB-625FBE52EBFB}</UniqueIdentifier>
      <Extensions>h;hh;hpp;hxx;h++;hm;inl;inc;ipp;xsd</Extensions>
    </Filter>
    <Filter Include="리소스 파일">
      <UniqueIdentifier>{67DA6AB6-F800-4c08-8B7A-83BB121AAD01}</UniqueIdentifier>
      <Extensions>rc;ico;cur;bmp;dlg;rc2;rct;bin;rgs;gif;jpg;jpeg;jpe;resx;tiff;tif;png;wav;mfcribbon-ms</Extensions>
    </Filter>
    <Filter Include="소스 파일\Engine">
      <UniqueIdentifier>{d79c7882-0abb-4647-9d74-0c830d21f02c}</UniqueIdentifier>
    </Filter>
    <Filter Include="소스 파일\GamePage">
      <UniqueIdentifier>{268406f5-f60d-499b-849d-baccb03e94a2}</UniqueIdentifier>
    </Filter>
    <Filter Include="소스 파일\IntroPage">
      <UniqueIdentifier>{c0a73a22-bc4d-48e1-8bfa-3b918cc5a978}</UniqueIdentifier>
    </Filter>
    <Filter Include="소스 파일\EndPage">
      <UniqueIdentifier>{9159fccd-1bce-40e3-bccb-e7a0fd6fc9fd}</UniqueIdentifier>
    </Filter>
    <Filter Include="소스 파일\GamePage\Floor">
      <UniqueIdentifier>{d2eeee6e-090a-4b64-a013-f023d67aa5f3}</UniqueIdentifier>
    </Filter>
  </ItemGroup>
  <ItemGroup>
    <ClCompile Include="main.cpp">
      <Filter>소스 파일</Filter>
    </ClCompile>
    <ClCompile Include="GameContext.cpp">
      <Filter>소스 파일\Engine</Filter>
    </ClCompile>
    <ClCompile Include="GameFont.cpp">
      <Filter>소스 파일\Engine</Filter>
    </ClCompile>
    <ClCompile Include="GameImage.cpp">
      <Filter>소스 파일\Engine</Filter>
    </ClCompile>
    <ClCompile Include="GameRenderer.cpp">
      <Filter>소스 파일\Engine</Filter>
    </ClCompile>
    <ClCompile Include="GameResources.cpp">
      <Filter>소스 파일\Engine</Filter>
    </ClCompile>
    <ClCompile Include="ResourceCollection.cpp">
      <Filter>소스 파일\Engine</Filter>
    </ClCompile>
    <ClCompile Include="PageRouter.cpp">
      <Filter>소스 파일\Engine</Filter>
    </ClCompile>
    <ClCompile Include="EventHandler.cpp">
      <Filter>소스 파일\Engine</Filter>
    </ClCompile>
    <ClCompile Include="EndingPage.cpp">
      <Filter>소스 파일\EndPage</Filter>
    </ClCompile>
    <ClCompile Include="GamePage.cpp">
      <Filter>소스 파일\GamePage</Filter>
    </ClCompile>
    <ClCompile Include="IntroPage.cpp">
      <Filter>소스 파일\IntroPage</Filter>
    </ClCompile>
    <ClCompile Include="CoordinateConverter.cpp">
      <Filter>소스 파일\GamePage</Filter>
    </ClCompile>
    <ClCompile Include="DownFloorStatic.cpp">
      <Filter>소스 파일\GamePage\Floor</Filter>
    </ClCompile>
    <ClCompile Include="DownFloorFactory.cpp">
      <Filter>소스 파일\GamePage</Filter>
    </ClCompile>
    <ClCompile Include="DownFloorMoveLeft.cpp">
      <Filter>소스 파일\GamePage\Floor</Filter>
    </ClCompile>
    <ClCompile Include="DownFloorMoveRight.cpp">
      <Filter>소스 파일\GamePage\Floor</Filter>
    </ClCompile>
    <ClCompile Include="random.cpp">
      <Filter>소스 파일</Filter>
    </ClCompile>
  </ItemGroup>
  <ItemGroup>
    <None Include="packages.config" />
  </ItemGroup>
  <ItemGroup>
    <ClInclude Include="common.h">
      <Filter>소스 파일</Filter>
    </ClInclude>
    <ClInclude Include="GameContext.h">
      <Filter>소스 파일\Engine</Filter>
    </ClInclude>
    <ClInclude Include="GameFont.h">
      <Filter>소스 파일\Engine</Filter>
    </ClInclude>
    <ClInclude Include="GameImage.h">
      <Filter>소스 파일\Engine</Filter>
    </ClInclude>
    <ClInclude Include="GameRenderer.h">
      <Filter>소스 파일\Engine</Filter>
    </ClInclude>
    <ClInclude Include="GameResources.h">
      <Filter>소스 파일\Engine</Filter>
    </ClInclude>
    <ClInclude Include="ResourceCollection.h">
      <Filter>소스 파일\Engine</Filter>
    </ClInclude>
    <ClInclude Include="PageRouter.h">
      <Filter>소스 파일\Engine</Filter>
    </ClInclude>
    <ClInclude Include="IPage.h">
      <Filter>소스 파일\Engine</Filter>
    </ClInclude>
    <ClInclude Include="EventHandler.h">
      <Filter>소스 파일\Engine</Filter>
    </ClInclude>
    <ClInclude Include="EndingPage.h">
      <Filter>소스 파일\EndPage</Filter>
    </ClInclude>
    <ClInclude Include="GamePage.h">
      <Filter>소스 파일\GamePage</Filter>
    </ClInclude>
    <ClInclude Include="IntroPage.h">
      <Filter>소스 파일\IntroPage</Filter>
    </ClInclude>
    <ClInclude Include="util.h">
      <Filter>소스 파일</Filter>
    </ClInclude>
    <ClInclude Include="CoordinateConverter.h">
      <Filter>소스 파일\GamePage</Filter>
    </ClInclude>
    <ClInclude Include="DownFloorBase.h">
      <Filter>소스 파일\GamePage\Floor</Filter>
    </ClInclude>
    <ClInclude Include="DownFloorStatic.h">
      <Filter>소스 파일\GamePage\Floor</Filter>
    </ClInclude>
    <ClInclude Include="DownInfoFloor.h">
      <Filter>소스 파일\GamePage\Floor</Filter>
    </ClInclude>
    <ClInclude Include="DownFloorFactory.h">
      <Filter>소스 파일\GamePage</Filter>
    </ClInclude>
    <ClInclude Include="random.h">
      <Filter>소스 파일</Filter>
    </ClInclude>
    <ClInclude Include="DownFloorMoveLeft.h">
      <Filter>소스 파일\GamePage\Floor</Filter>
    </ClInclude>
    <ClInclude Include="DownFloorMoveRight.h">
      <Filter>소스 파일\GamePage\Floor</Filter>
    </ClInclude>
  </ItemGroup>
  <ItemGroup>
    <Image Include="res\image\startwhite.png">
      <Filter>리소스 파일</Filter>
    </Image>
  </ItemGroup>
</Project>